# THIS IS AN AUTOGENERATED FILE. DO NOT EDIT THIS FILE DIRECTLY.
# yarn lockfile v1


angular-translate@^2.15.1:
  version "2.15.1"
  resolved "http://registry.npm.taobao.org/angular-translate/download/angular-translate-2.15.1.tgz#920f7d2b877819e1c0fa881781b9b675f36480ce"
  dependencies:
    angular ">=1.2.26 <=1.6"

"angular@>=1.2.26 <=1.6":
  version "1.6.4"
  resolved "http://registry.npm.taobao.org/angular/download/angular-1.6.4.tgz#03b7b15c01a0802d7e2cf593240e604054dc77fb"
